// !$*UTF8*$!
{
	archiveVersion = 1;
	classes = {
	};
	objectVersion = 56;
	objects = {

/* Begin PBXBuildFile section */
		041BE93929AD9DEF00D94E65 /* main.swift in Sources */ = {isa = PBXBuildFile; fileRef = 041BE93829AD9DEF00D94E65 /* main.swift */; };
		0449B14529D6662700A5F74F /* Hero.swift in Sources */ = {isa = PBXBuildFile; fileRef = 0449B14429D6662700A5F74F /* Hero.swift */; };
		0449B14729D668E600A5F74F /* Skill.swift in Sources */ = {isa = PBXBuildFile; fileRef = 0449B14629D668E600A5F74F /* Skill.swift */; };
		0449B14929D66C8900A5F74F /* Enemy.swift in Sources */ = {isa = PBXBuildFile; fileRef = 0449B14829D66C8900A5F74F /* Enemy.swift */; };
		0449B14B29D66CDA00A5F74F /* Inventory.swift in Sources */ = {isa = PBXBuildFile; fileRef = 0449B14A29D66CDA00A5F74F /* Inventory.swift */; };
		0449B14D29D66D5B00A5F74F /* Health_Potion.swift in Sources */ = {isa = PBXBuildFile; fileRef = 0449B14C29D66D5B00A5F74F /* Health_Potion.swift */; };
		0449B14F29D66D6700A5F74F /* Mana_Potion.swift in Sources */ = {isa = PBXBuildFile; fileRef = 0449B14E29D66D6700A5F74F /* Mana_Potion.swift */; };
/* End PBXBuildFile section */

/* Begin PBXCopyFilesBuildPhase section */
		041BE93329AD9DEF00D94E65 /* CopyFiles */ = {
			isa = PBXCopyFilesBuildPhase;
			buildActionMask = 2147483647;
			dstPath = /usr/share/man/man1/;
			dstSubfolderSpec = 0;
			files = (
			);
			runOnlyForDeploymentPostprocessing = 1;
		};
/* End PBXCopyFilesBuildPhase section */

/* Begin PBXFileReference section */
		041BE93529AD9DEF00D94E65 /* 0706012110003-Jason Emanuel Susanto - AFL 1 */ = {isa = PBXFileReference; explicitFileType = "compiled.mach-o.executable"; includeInIndex = 0; path = "0706012110003-Jason Emanuel Susanto - AFL 1"; sourceTree = BUILT_PRODUCTS_DIR; };
		041BE93829AD9DEF00D94E65 /* main.swift */ = {isa = PBXFileReference; lastKnownFileType = sourcecode.swift; path = main.swift; sourceTree = "<group>"; };
		0449B14429D6662700A5F74F /* Hero.swift */ = {isa = PBXFileReference; lastKnownFileType = sourcecode.swift; path = Hero.swift; sourceTree = "<group>"; };
		0449B14629D668E600A5F74F /* Skill.swift */ = {isa = PBXFileReference; lastKnownFileType = sourcecode.swift; path = Skill.swift; sourceTree = "<group>"; };
		0449B14829D66C8900A5F74F /* Enemy.swift */ = {isa = PBXFileReference; lastKnownFileType = sourcecode.swift; path = Enemy.swift; sourceTree = "<group>"; };
		0449B14A29D66CDA00A5F74F /* Inventory.swift */ = {isa = PBXFileReference; lastKnownFileType = sourcecode.swift; path = Inventory.swift; sourceTree = "<group>"; };
		0449B14C29D66D5B00A5F74F /* Health_Potion.swift */ = {isa = PBXFileReference; lastKnownFileType = sourcecode.swift; path = Health_Potion.swift; sourceTree = "<group>"; };
		0449B14E29D66D6700A5F74F /* Mana_Potion.swift */ = {isa = PBXFileReference; lastKnownFileType = sourcecode.swift; path = Mana_Potion.swift; sourceTree = "<group>"; };
/* End PBXFileReference section */

/* Begin PBXFrameworksBuildPhase section */
		041BE93229AD9DEF00D94E65 /* Frameworks */ = {
			isa = PBXFrameworksBuildPhase;
			buildActionMask = 2147483647;
			files = (
			);
			runOnlyForDeploymentPostprocessing = 0;
		};
/* End PBXFrameworksBuildPhase section */

/* Begin PBXGroup section */
		041BE92C29AD9DEF00D94E65 = {
			isa = PBXGroup;
			children = (
				041BE93729AD9DEF00D94E65 /* 0706012110003-Jason Emanuel Susanto - AFL 1 */,
				041BE93629AD9DEF00D94E65 /* Products */,
			);
			sourceTree = "<group>";
		};
		041BE93629AD9DEF00D94E65 /* Products */ = {
			isa = PBXGroup;
			children = (
				041BE93529AD9DEF00D94E65 /* 0706012110003-Jason Emanuel Susanto - AFL 1 */,
			);
			name = Products;
			sourceTree = "<group>";
		};
		041BE93729AD9DEF00D94E65 /* 0706012110003-Jason Emanuel Susanto - AFL 1 */ = {
			isa = PBXGroup;
			children = (
				041BE93829AD9DEF00D94E65 /* main.swift */,
				0449B14429D6662700A5F74F /* Hero.swift */,
				0449B14629D668E600A5F74F /* Skill.swift */,
				0449B14829D66C8900A5F74F /* Enemy.swift */,
				0449B14A29D66CDA00A5F74F /* Inventory.swift */,
				0449B14C29D66D5B00A5F74F /* Health_Potion.swift */,
				0449B14E29D66D6700A5F74F /* Mana_Potion.swift */,
			);
			path = "0706012110003-Jason Emanuel Susanto - AFL 1";
			sourceTree = "<group>";
		};
/* End PBXGroup section */

/* Begin PBXNativeTarget section */
		041BE93429AD9DEF00D94E65 /* 0706012110003-Jason Emanuel Susanto - AFL 1 */ = {
			isa = PBXNativeTarget;
			buildConfigurationList = 041BE93C29AD9DEF00D94E65 /* Build configuration list for PBXNativeTarget "0706012110003-Jason Emanuel Susanto - AFL 1" */;
			buildPhases = (
				041BE93129AD9DEF00D94E65 /* Sources */,
				041BE93229AD9DEF00D94E65 /* Frameworks */,
				041BE93329AD9DEF00D94E65 /* CopyFiles */,
			);
			buildRules = (
			);
			dependencies = (
			);
			name = "0706012110003-Jason Emanuel Susanto - AFL 1";
			productName = "0706012110003-Jason Emanuel Susanto - AFL 1";
			productReference = 041BE93529AD9DEF00D94E65 /* 0706012110003-Jason Emanuel Susanto - AFL 1 */;
			productType = "com.apple.product-type.tool";
		};
/* End PBXNativeTarget section */

/* Begin PBXProject section */
		041BE92D29AD9DEF00D94E65 /* Project object */ = {
			isa = PBXProject;
			attributes = {
				BuildIndependentTargetsInParallel = 1;
				LastSwiftUpdateCheck = 1420;
				LastUpgradeCheck = 1420;
				TargetAttributes = {
					041BE93429AD9DEF00D94E65 = {
						CreatedOnToolsVersion = 14.2;
					};
				};
			};
			buildConfigurationList = 041BE93029AD9DEF00D94E65 /* Build configuration list for PBXProject "0706012110003-Jason Emanuel Susanto - AFL 1" */;
			compatibilityVersion = "Xcode 14.0";
			developmentRegion = en;
			hasScannedForEncodings = 0;
			knownRegions = (
				en,
				Base,
			);
			mainGroup = 041BE92C29AD9DEF00D94E65;
			productRefGroup = 041BE93629AD9DEF00D94E65 /* Products */;
			projectDirPath = "";
			projectRoot = "";
			targets = (
				041BE93429AD9DEF00D94E65 /* 0706012110003-Jason Emanuel Susanto - AFL 1 */,
			);
		};
/* End PBXProject section */

/* Begin PBXSourcesBuildPhase section */
		041BE93129AD9DEF00D94E65 /* Sources */ = {
			isa = PBXSourcesBuildPhase;
			buildActionMask = 2147483647;
			files = (
				0449B14929D66C8900A5F74F /* Enemy.swift in Sources */,
				0449B14F29D66D6700A5F74F /* Mana_Potion.swift in Sources */,
				0449B14729D668E600A5F74F /* Skill.swift in Sources */,
				0449B14B29D66CDA00A5F74F /* Inventory.swift in Sources */,
				041BE93929AD9DEF00D94E65 /* main.swift in Sources */,
				0449B14D29D66D5B00A5F74F /* Health_Potion.swift in Sources */,
				0449B14529D6662700A5F74F /* Hero.swift in Sources */,
			);
			runOnlyForDeploymentPostprocessing = 0;
		};
/* End PBXSourcesBuildPhase section */

/* Begin XCBuildConfiguration section */
		041BE93A29AD9DEF00D94E65 /* Debug */ = {
			isa = XCBuildConfiguration;
			buildSettings = {
				ALWAYS_SEARCH_USER_PATHS = NO;
				CLANG_ANALYZER_NONNULL = YES;
				CLANG_ANALYZER_NUMBER_OBJECT_CONVERSION = YES_AGGRESSIVE;
				CLANG_CXX_LANGUAGE_STANDARD = "gnu++20";
				CLANG_ENABLE_MODULES = YES;
				CLANG_ENABLE_OBJC_ARC = YES;
				CLANG_ENABLE_OBJC_WEAK = YES;
				CLANG_WARN_BLOCK_CAPTURE_AUTORELEASING = YES;
				CLANG_WARN_BOOL_CONVERSION = YES;
				CLANG_WARN_COMMA = YES;
				CLANG_WARN_CONSTANT_CONVERSION = YES;
				CLANG_WARN_DEPRECATED_OBJC_IMPLEMENTATIONS = YES;
				CLANG_WARN_DIRECT_OBJC_ISA_USAGE = YES_ERROR;
				CLANG_WARN_DOCUMENTATION_COMMENTS = YES;
				CLANG_WARN_EMPTY_BODY = YES;
				CLANG_WARN_ENUM_CONVERSION = YES;
				CLANG_WARN_INFINITE_RECURSION = YES;
				CLANG_WARN_INT_CONVERSION = YES;
				CLANG_WARN_NON_LITERAL_NULL_CONVERSION = YES;
				CLANG_WARN_OBJC_IMPLICIT_RETAIN_SELF = YES;
				CLANG_WARN_OBJC_LITERAL_CONVERSION = YES;
				CLANG_WARN_OBJC_ROOT_CLASS = YES_ERROR;
				CLANG_WARN_QUOTED_INCLUDE_IN_FRAMEWORK_HEADER = YES;
				CLANG_WARN_RANGE_LOOP_ANALYSIS = YES;
				CLANG_WARN_STRICT_PROTOTYPES = YES;
				CLANG_WARN_SUSPICIOUS_MOVE = YES;
				CLANG_WARN_UNGUARDED_AVAILABILITY = YES_AGGRESSIVE;
				CLANG_WARN_UNREACHABLE_CODE = YES;
				CLANG_WARN__DUPLICATE_METHOD_MATCH = YES;
				COPY_PHASE_STRIP = NO;
				DEBUG_INFORMATION_FORMAT = dwarf;
				ENABLE_STRICT_OBJC_MSGSEND = YES;
				ENABLE_TESTABILITY = YES;
				GCC_C_LANGUAGE_STANDARD = gnu11;
				GCC_DYNAMIC_NO_PIC = NO;
				GCC_NO_COMMON_BLOCKS = YES;
				GCC_OPTIMIZATION_LEVEL = 0;
				GCC_PREPROCESSOR_DEFINITIONS = (
					"DEBUG=1",
					"$(inherited)",
				);
				GCC_WARN_64_TO_32_BIT_CONVERSION = YES;
				GCC_WARN_ABOUT_RETURN_TYPE = YES_ERROR;
				GCC_WARN_UNDECLARED_SELECTOR = YES;
				GCC_WARN_UNINITIALIZED_AUTOS = YES_AGGRESSIVE;
				GCC_WARN_UNUSED_FUNCTION = YES;
				GCC_WARN_UNUSED_VARIABLE = YES;
				MACOSX_DEPLOYMENT_TARGET = 13.1;
				MTL_ENABLE_DEBUG_INFO = INCLUDE_SOURCE;
				MTL_FAST_MATH = YES;
				ONLY_ACTIVE_ARCH = YES;
				SDKROOT = macosx;
				SWIFT_ACTIVE_COMPILATION_CONDITIONS = DEBUG;
				SWIFT_OPTIMIZATION_LEVEL = "-Onone";
			};
			name = Debug;
		};
		041BE93B29AD9DEF00D94E65 /* Release */ = {
			isa = XCBuildConfiguration;
			buildSettings = {
				ALWAYS_SEARCH_USER_PATHS = NO;
				CLANG_ANALYZER_NONNULL = YES;
				CLANG_ANALYZER_NUMBER_OBJECT_CONVERSION = YES_AGGRESSIVE;
				CLANG_CXX_LANGUAGE_STANDARD = "gnu++20";
				CLANG_ENABLE_MODULES = YES;
				CLANG_ENABLE_OBJC_ARC = YES;
				CLANG_ENABLE_OBJC_WEAK = YES;
				CLANG_WARN_BLOCK_CAPTURE_AUTORELEASING = YES;
				CLANG_WARN_BOOL_CONVERSION = YES;
				CLANG_WARN_COMMA = YES;
				CLANG_WARN_CONSTANT_CONVERSION = YES;
				CLANG_WARN_DEPRECATED_OBJC_IMPLEMENTATIONS = YES;
				CLANG_WARN_DIRECT_OBJC_ISA_USAGE = YES_ERROR;
				CLANG_WARN_DOCUMENTATION_COMMENTS = YES;
				CLANG_WARN_EMPTY_BODY = YES;
				CLANG_WARN_ENUM_CONVERSION = YES;
				CLANG_WARN_INFINITE_RECURSION = YES;
				CLANG_WARN_INT_CONVERSION = YES;
				CLANG_WARN_NON_LITERAL_NULL_CONVERSION = YES;
				CLANG_WARN_OBJC_IMPLICIT_RETAIN_SELF = YES;
				CLANG_WARN_OBJC_LITERAL_CONVERSION = YES;
				CLANG_WARN_OBJC_ROOT_CLASS = YES_ERROR;
				CLANG_WARN_QUOTED_INCLUDE_IN_FRAMEWORK_HEADER = YES;
				CLANG_WARN_RANGE_LOOP_ANALYSIS = YES;
				CLANG_WARN_STRICT_PROTOTYPES = YES;
				CLANG_WARN_SUSPICIOUS_MOVE = YES;
				CLANG_WARN_UNGUARDED_AVAILABILITY = YES_AGGRESSIVE;
				CLANG_WARN_UNREACHABLE_CODE = YES;
				CLANG_WARN__DUPLICATE_METHOD_MATCH = YES;
				COPY_PHASE_STRIP = NO;
				DEBUG_INFORMATION_FORMAT = "dwarf-with-dsym";
				ENABLE_NS_ASSERTIONS = NO;
				ENABLE_STRICT_OBJC_MSGSEND = YES;
				GCC_C_LANGUAGE_STANDARD = gnu11;
				GCC_NO_COMMON_BLOCKS = YES;
				GCC_WARN_64_TO_32_BIT_CONVERSION = YES;
				GCC_WARN_ABOUT_RETURN_TYPE = YES_ERROR;
				GCC_WARN_UNDECLARED_SELECTOR = YES;
				GCC_WARN_UNINITIALIZED_AUTOS = YES_AGGRESSIVE;
				GCC_WARN_UNUSED_FUNCTION = YES;
				GCC_WARN_UNUSED_VARIABLE = YES;
				MACOSX_DEPLOYMENT_TARGET = 13.1;
				MTL_ENABLE_DEBUG_INFO = NO;
				MTL_FAST_MATH = YES;
				SDKROOT = macosx;
				SWIFT_COMPILATION_MODE = wholemodule;
				SWIFT_OPTIMIZATION_LEVEL = "-O";
			};
			name = Release;
		};
		041BE93D29AD9DEF00D94E65 /* Debug */ = {
			isa = XCBuildConfiguration;
			buildSettings = {
				CODE_SIGN_STYLE = Automatic;
				DEVELOPMENT_TEAM = 72R73HP2PG;
				ENABLE_HARDENED_RUNTIME = YES;
				PRODUCT_NAME = "$(TARGET_NAME)";
				SWIFT_VERSION = 5.0;
			};
			name = Debug;
		};
		041BE93E29AD9DEF00D94E65 /* Release */ = {
			isa = XCBuildConfiguration;
			buildSettings = {
				CODE_SIGN_STYLE = Automatic;
				DEVELOPMENT_TEAM = 72R73HP2PG;
				ENABLE_HARDENED_RUNTIME = YES;
				PRODUCT_NAME = "$(TARGET_NAME)";
				SWIFT_VERSION = 5.0;
			};
			name = Release;
		};
/* End XCBuildConfiguration section */

/* Begin XCConfigurationList section */
		041BE93029AD9DEF00D94E65 /* Build configuration list for PBXProject "0706012110003-Jason Emanuel Susanto - AFL 1" */ = {
			isa = XCConfigurationList;
			buildConfigurations = (
				041BE93A29AD9DEF00D94E65 /* Debug */,
				041BE93B29AD9DEF00D94E65 /* Release */,
			);
			defaultConfigurationIsVisible = 0;
			defaultConfigurationName = Release;
		};
		041BE93C29AD9DEF00D94E65 /* Build configuration list for PBXNativeTarget "0706012110003-Jason Emanuel Susanto - AFL 1" */ = {
			isa = XCConfigurationList;
			buildConfigurations = (
				041BE93D29AD9DEF00D94E65 /* Debug */,
				041BE93E29AD9DEF00D94E65 /* Release */,
			);
			defaultConfigurationIsVisible = 0;
			defaultConfigurationName = Release;
		};
/* End XCConfigurationList section */
	};
	rootObject = 041BE92D29AD9DEF00D94E65 /* Project object */;
}
